
Microsoft Visual Studio Solution File, Format Version 12.00
# Visual Studio Version 16
VisualStudioVersion = 16.0.31424.327
MinimumVisualStudioVersion = 10.0.40219.1
Project("{FAE04EC0-301F-11D3-BF4B-00C04F79EFBC}") = "Calculetor", "Calculetor\Calculetor.csproj", "{BDDD6461-3217-462F-A9C0-28EB90C4B30B}"
EndProject
Global
	GlobalSection(SolutionConfigurationPlatforms) = preSolution
		Debug|Any CPU = Debug|Any CPU
		Release|Any CPU = Release|Any CPU
	EndGlobalSection
	GlobalSection(ProjectConfigurationPlatforms) = postSolution
		{BDDD6461-3217-462F-A9C0-28EB90C4B30B}.Debug|Any CPU.ActiveCfg = Debug|Any CPU
		{BDDD6461-3217-462F-A9C0-28EB90C4B30B}.Debug|Any CPU.Build.0 = Debug|Any CPU
		{BDDD6461-3217-462F-A9C0-28EB90C4B30B}.Release|Any CPU.ActiveCfg = Release|Any CPU
		{BDDD6461-3217-462F-A9C0-28EB90C4B30B}.Release|Any CPU.Build.0 = Release|Any CPU
	EndGlobalSection
	GlobalSection(SolutionProperties) = preSolution
		HideSolutionNode = FALSE
	EndGlobalSection
	GlobalSection(ExtensibilityGlobals) = postSolution
		SolutionGuid = {5F78A824-0AF7-4832-8A48-B47880D7B174}
	EndGlobalSection
EndGlobal
