
Microsoft Visual Studio Solution File, Format Version 12.00
# Visual Studio Version 16
VisualStudioVersion = 16.0.31424.327
MinimumVisualStudioVersion = 10.0.40219.1
Project("{FAE04EC0-301F-11D3-BF4B-00C04F79EFBC}") = "FlowerShop", "FlowerShop\FlowerShop.csproj", "{07B459CB-993E-4B44-8562-389305F7B081}"
EndProject
Global
	GlobalSection(SolutionConfigurationPlatforms) = preSolution
		Debug|Any CPU = Debug|Any CPU
		Release|Any CPU = Release|Any CPU
	EndGlobalSection
	GlobalSection(ProjectConfigurationPlatforms) = postSolution
		{07B459CB-993E-4B44-8562-389305F7B081}.Debug|Any CPU.ActiveCfg = Debug|Any CPU
		{07B459CB-993E-4B44-8562-389305F7B081}.Debug|Any CPU.Build.0 = Debug|Any CPU
		{07B459CB-993E-4B44-8562-389305F7B081}.Release|Any CPU.ActiveCfg = Release|Any CPU
		{07B459CB-993E-4B44-8562-389305F7B081}.Release|Any CPU.Build.0 = Release|Any CPU
	EndGlobalSection
	GlobalSection(SolutionProperties) = preSolution
		HideSolutionNode = FALSE
	EndGlobalSection
	GlobalSection(ExtensibilityGlobals) = postSolution
		SolutionGuid = {6C54E776-3E38-48CE-8C38-D6399085A083}
	EndGlobalSection
EndGlobal
