
Microsoft Visual Studio Solution File, Format Version 12.00
# Visual Studio Version 16
VisualStudioVersion = 16.0.31424.327
MinimumVisualStudioVersion = 10.0.40219.1
Project("{FAE04EC0-301F-11D3-BF4B-00C04F79EFBC}") = "AIRticket", "AIRticket\AIRticket.csproj", "{F4CE6C88-C383-4863-98BD-3E775F4B4AE1}"
EndProject
Global
	GlobalSection(SolutionConfigurationPlatforms) = preSolution
		Debug|Any CPU = Debug|Any CPU
		Release|Any CPU = Release|Any CPU
	EndGlobalSection
	GlobalSection(ProjectConfigurationPlatforms) = postSolution
		{F4CE6C88-C383-4863-98BD-3E775F4B4AE1}.Debug|Any CPU.ActiveCfg = Debug|Any CPU
		{F4CE6C88-C383-4863-98BD-3E775F4B4AE1}.Debug|Any CPU.Build.0 = Debug|Any CPU
		{F4CE6C88-C383-4863-98BD-3E775F4B4AE1}.Release|Any CPU.ActiveCfg = Release|Any CPU
		{F4CE6C88-C383-4863-98BD-3E775F4B4AE1}.Release|Any CPU.Build.0 = Release|Any CPU
	EndGlobalSection
	GlobalSection(SolutionProperties) = preSolution
		HideSolutionNode = FALSE
	EndGlobalSection
	GlobalSection(ExtensibilityGlobals) = postSolution
		SolutionGuid = {39489CB5-5068-4FE7-9CA5-06C54E7C363A}
	EndGlobalSection
EndGlobal
